
Microsoft Visual Studio Solution File, Format Version 12.00
# Visual Studio 15
VisualStudioVersion = 15.0.27004.2008
MinimumVisualStudioVersion = 10.0.40219.1
Project("{9A19103F-16F7-4668-BE54-9A1E7A4F7556}") = "PeNN", "PeNN\PeNN.csproj", "{AA04750C-2DB2-406A-8E95-0C27329969EF}"
EndProject
Project("{FAE04EC0-301F-11D3-BF4B-00C04F79EFBC}") = "NNTester", "NNTester\NNTester.csproj", "{A43C6DA7-FA64-429D-AA3F-6C82FBEAD7CB}"
EndProject
Global
	GlobalSection(SolutionConfigurationPlatforms) = preSolution
		Debug|Any CPU = Debug|Any CPU
		Release|Any CPU = Release|Any CPU
	EndGlobalSection
	GlobalSection(ProjectConfigurationPlatforms) = postSolution
		{AA04750C-2DB2-406A-8E95-0C27329969EF}.Debug|Any CPU.ActiveCfg = Debug|Any CPU
		{AA04750C-2DB2-406A-8E95-0C27329969EF}.Debug|Any CPU.Build.0 = Debug|Any CPU
		{AA04750C-2DB2-406A-8E95-0C27329969EF}.Release|Any CPU.ActiveCfg = Release|Any CPU
		{AA04750C-2DB2-406A-8E95-0C27329969EF}.Release|Any CPU.Build.0 = Release|Any CPU
		{A43C6DA7-FA64-429D-AA3F-6C82FBEAD7CB}.Debug|Any CPU.ActiveCfg = Debug|Any CPU
		{A43C6DA7-FA64-429D-AA3F-6C82FBEAD7CB}.Debug|Any CPU.Build.0 = Debug|Any CPU
		{A43C6DA7-FA64-429D-AA3F-6C82FBEAD7CB}.Release|Any CPU.ActiveCfg = Release|Any CPU
		{A43C6DA7-FA64-429D-AA3F-6C82FBEAD7CB}.Release|Any CPU.Build.0 = Release|Any CPU
	EndGlobalSection
	GlobalSection(SolutionProperties) = preSolution
		HideSolutionNode = FALSE
	EndGlobalSection
	GlobalSection(ExtensibilityGlobals) = postSolution
		SolutionGuid = {C5DEA18C-DA5B-42D1-9107-A5FB6F908272}
	EndGlobalSection
EndGlobal
